
Microsoft Visual Studio Solution File, Format Version 12.00
# Visual Studio 15
VisualStudioVersion = 15.0.28307.705
MinimumVisualStudioVersion = 10.0.40219.1
Project("{FAE04EC0-301F-11D3-BF4B-00C04F79EFBC}") = "LoyaltySignupAPISilpoAPPTest", "LoyaltySignupAPISilpoAPPTest\LoyaltySignupAPISilpoAPPTest.csproj", "{5FB4BF15-CD62-4D5A-AEA8-F02E79A049F1}"
	ProjectSection(ProjectDependencies) = postProject
		{05D9D1A1-51C0-4F96-8EB7-0849E98D5EAD} = {05D9D1A1-51C0-4F96-8EB7-0849E98D5EAD}
	EndProjectSection
EndProject
Project("{FAE04EC0-301F-11D3-BF4B-00C04F79EFBC}") = "LoyaltySignupAPISilpoAPP", "LoyaltySignupAPISilpoAPP\LoyaltySignupAPISilpoAPP.csproj", "{05D9D1A1-51C0-4F96-8EB7-0849E98D5EAD}"
EndProject
Global
	GlobalSection(SolutionConfigurationPlatforms) = preSolution
		Debug|Any CPU = Debug|Any CPU
		Release|Any CPU = Release|Any CPU
	EndGlobalSection
	GlobalSection(ProjectConfigurationPlatforms) = postSolution
		{5FB4BF15-CD62-4D5A-AEA8-F02E79A049F1}.Debug|Any CPU.ActiveCfg = Debug|Any CPU
		{5FB4BF15-CD62-4D5A-AEA8-F02E79A049F1}.Debug|Any CPU.Build.0 = Debug|Any CPU
		{5FB4BF15-CD62-4D5A-AEA8-F02E79A049F1}.Release|Any CPU.ActiveCfg = Release|Any CPU
		{5FB4BF15-CD62-4D5A-AEA8-F02E79A049F1}.Release|Any CPU.Build.0 = Release|Any CPU
		{05D9D1A1-51C0-4F96-8EB7-0849E98D5EAD}.Debug|Any CPU.ActiveCfg = Debug|Any CPU
		{05D9D1A1-51C0-4F96-8EB7-0849E98D5EAD}.Debug|Any CPU.Build.0 = Debug|Any CPU
		{05D9D1A1-51C0-4F96-8EB7-0849E98D5EAD}.Release|Any CPU.ActiveCfg = Release|Any CPU
		{05D9D1A1-51C0-4F96-8EB7-0849E98D5EAD}.Release|Any CPU.Build.0 = Release|Any CPU
	EndGlobalSection
	GlobalSection(SolutionProperties) = preSolution
		HideSolutionNode = FALSE
	EndGlobalSection
	GlobalSection(ExtensibilityGlobals) = postSolution
		SolutionGuid = {024ED3FE-BD53-41E2-8E22-4A94216E9521}
	EndGlobalSection
EndGlobal
